// !$*UTF8*$!
{
	archiveVersion = 1;
	classes = {
	};
	objectVersion = 77;
	objects = {

/* Begin PBXContainerItemProxy section */
		409142242DF77DF000E77138 /* PBXContainerItemProxy */ = {
			isa = PBXContainerItemProxy;
			containerPortal = 4091420D2DF77DEF00E77138 /* Project object */;
			proxyType = 1;
			remoteGlobalIDString = 409142142DF77DEF00E77138;
			remoteInfo = AndyStickies;
		};
		4091422E2DF77DF000E77138 /* PBXContainerItemProxy */ = {
			isa = PBXContainerItemProxy;
			containerPortal = 4091420D2DF77DEF00E77138 /* Project object */;
			proxyType = 1;
			remoteGlobalIDString = 409142142DF77DEF00E77138;
			remoteInfo = AndyStickies;
		};
/* End PBXContainerItemProxy section */

/* Begin PBXFileReference section */
		409142152DF77DEF00E77138 /* AndyStickies.app */ = {isa = PBXFileReference; explicitFileType = wrapper.application; includeInIndex = 0; path = AndyStickies.app; sourceTree = BUILT_PRODUCTS_DIR; };
		409142232DF77DF000E77138 /* AndyStickiesTests.xctest */ = {isa = PBXFileReference; explicitFileType = wrapper.cfbundle; includeInIndex = 0; path = AndyStickiesTests.xctest; sourceTree = BUILT_PRODUCTS_DIR; };
		4091422D2DF77DF000E77138 /* AndyStickiesUITests.xctest */ = {isa = PBXFileReference; explicitFileType = wrapper.cfbundle; includeInIndex = 0; path = AndyStickiesUITests.xctest; sourceTree = BUILT_PRODUCTS_DIR; };
/* End PBXFileReference section */

/* Begin PBXFileSystemSynchronizedRootGroup section */
		409142172DF77DEF00E77138 /* AndyStickies */ = {
			isa = PBXFileSystemSynchronizedRootGroup;
			path = AndyStickies;
			sourceTree = "<group>";
		};
		409142262DF77DF000E77138 /* AndyStickiesTests */ = {
			isa = PBXFileSystemSynchronizedRootGroup;
			path = AndyStickiesTests;
			sourceTree = "<group>";
		};
		409142302DF77DF000E77138 /* AndyStickiesUITests */ = {
			isa = PBXFileSystemSynchronizedRootGroup;
			path = AndyStickiesUITests;
			sourceTree = "<group>";
		};
/* End PBXFileSystemSynchronizedRootGroup section */

/* Begin PBXFrameworksBuildPhase section */
		409142122DF77DEF00E77138 /* Frameworks */ = {
			isa = PBXFrameworksBuildPhase;
			buildActionMask = 2147483647;
			files = (
			);
			runOnlyForDeploymentPostprocessing = 0;
		};
		409142202DF77DF000E77138 /* Frameworks */ = {
			isa = PBXFrameworksBuildPhase;
			buildActionMask = 2147483647;
			files = (
			);
			runOnlyForDeploymentPostprocessing = 0;
		};
		4091422A2DF77DF000E77138 /* Frameworks */ = {
			isa = PBXFrameworksBuildPhase;
			buildActionMask = 2147483647;
			files = (
			);
			runOnlyForDeploymentPostprocessing = 0;
		};
/* End PBXFrameworksBuildPhase section */

/* Begin PBXGroup section */
		4091420C2DF77DEF00E77138 = {
			isa = PBXGroup;
			children = (
				409142172DF77DEF00E77138 /* AndyStickies */,
				409142262DF77DF000E77138 /* AndyStickiesTests */,
				409142302DF77DF000E77138 /* AndyStickiesUITests */,
				409142162DF77DEF00E77138 /* Products */,
			);
			sourceTree = "<group>";
		};
		409142162DF77DEF00E77138 /* Products */ = {
			isa = PBXGroup;
			children = (
				409142152DF77DEF00E77138 /* AndyStickies.app */,
				409142232DF77DF000E77138 /* AndyStickiesTests.xctest */,
				4091422D2DF77DF000E77138 /* AndyStickiesUITests.xctest */,
			);
			name = Products;
			sourceTree = "<group>";
		};
/* End PBXGroup section */

/* Begin PBXNativeTarget section */
		409142142DF77DEF00E77138 /* AndyStickies */ = {
			isa = PBXNativeTarget;
			buildConfigurationList = 409142372DF77DF000E77138 /* Build configuration list for PBXNativeTarget "AndyStickies" */;
			buildPhases = (
				409142112DF77DEF00E77138 /* Sources */,
				409142122DF77DEF00E77138 /* Frameworks */,
				409142132DF77DEF00E77138 /* Resources */,
			);
			buildRules = (
			);
			dependencies = (
			);
			fileSystemSynchronizedGroups = (
				409142172DF77DEF00E77138 /* AndyStickies */,
			);
			name = AndyStickies;
			packageProductDependencies = (
			);
			productName = AndyStickies;
			productReference = 409142152DF77DEF00E77138 /* AndyStickies.app */;
			productType = "com.apple.product-type.application";
		};
		409142222DF77DF000E77138 /* AndyStickiesTests */ = {
			isa = PBXNativeTarget;
			buildConfigurationList = 4091423A2DF77DF000E77138 /* Build configuration list for PBXNativeTarget "AndyStickiesTests" */;
			buildPhases = (
				4091421F2DF77DF000E77138 /* Sources */,
				409142202DF77DF000E77138 /* Frameworks */,
				409142212DF77DF000E77138 /* Resources */,
			);
			buildRules = (
			);
			dependencies = (
				409142252DF77DF000E77138 /* PBXTargetDependency */,
			);
			fileSystemSynchronizedGroups = (
				409142262DF77DF000E77138 /* AndyStickiesTests */,
			);
			name = AndyStickiesTests;
			packageProductDependencies = (
			);
			productName = AndyStickiesTests;
			productReference = 409142232DF77DF000E77138 /* AndyStickiesTests.xctest */;
			productType = "com.apple.product-type.bundle.unit-test";
		};
		4091422C2DF77DF000E77138 /* AndyStickiesUITests */ = {
			isa = PBXNativeTarget;
			buildConfigurationList = 4091423D2DF77DF000E77138 /* Build configuration list for PBXNativeTarget "AndyStickiesUITests" */;
			buildPhases = (
				409142292DF77DF000E77138 /* Sources */,
				4091422A2DF77DF000E77138 /* Frameworks */,
				4091422B2DF77DF000E77138 /* Resources */,
			);
			buildRules = (
			);
			dependencies = (
				4091422F2DF77DF000E77138 /* PBXTargetDependency */,
			);
			fileSystemSynchronizedGroups = (
				409142302DF77DF000E77138 /* AndyStickiesUITests */,
			);
			name = AndyStickiesUITests;
			packageProductDependencies = (
			);
			productName = AndyStickiesUITests;
			productReference = 4091422D2DF77DF000E77138 /* AndyStickiesUITests.xctest */;
			productType = "com.apple.product-type.bundle.ui-testing";
		};
/* End PBXNativeTarget section */

/* Begin PBXProject section */
		4091420D2DF77DEF00E77138 /* Project object */ = {
			isa = PBXProject;
			attributes = {
				BuildIndependentTargetsInParallel = 1;
				LastSwiftUpdateCheck = 1640;
				LastUpgradeCheck = 1640;
				TargetAttributes = {
					409142142DF77DEF00E77138 = {
						CreatedOnToolsVersion = 16.4;
					};
					409142222DF77DF000E77138 = {
						CreatedOnToolsVersion = 16.4;
						TestTargetID = 409142142DF77DEF00E77138;
					};
					4091422C2DF77DF000E77138 = {
						CreatedOnToolsVersion = 16.4;
						TestTargetID = 409142142DF77DEF00E77138;
					};
				};
			};
			buildConfigurationList = 409142102DF77DEF00E77138 /* Build configuration list for PBXProject "AndyStickies" */;
			developmentRegion = en;
			hasScannedForEncodings = 0;
			knownRegions = (
				en,
				Base,
			);
			mainGroup = 4091420C2DF77DEF00E77138;
			minimizedProjectReferenceProxies = 1;
			preferredProjectObjectVersion = 77;
			productRefGroup = 409142162DF77DEF00E77138 /* Products */;
			projectDirPath = "";
			projectRoot = "";
			targets = (
				409142142DF77DEF00E77138 /* AndyStickies */,
				409142222DF77DF000E77138 /* AndyStickiesTests */,
				4091422C2DF77DF000E77138 /* AndyStickiesUITests */,
			);
		};
/* End PBXProject section */

/* Begin PBXResourcesBuildPhase section */
		409142132DF77DEF00E77138 /* Resources */ = {
			isa = PBXResourcesBuildPhase;
			buildActionMask = 2147483647;
			files = (
			);
			runOnlyForDeploymentPostprocessing = 0;
		};
		409142212DF77DF000E77138 /* Resources */ = {
			isa = PBXResourcesBuildPhase;
			buildActionMask = 2147483647;
			files = (
			);
			runOnlyForDeploymentPostprocessing = 0;
		};
		4091422B2DF77DF000E77138 /* Resources */ = {
			isa = PBXResourcesBuildPhase;
			buildActionMask = 2147483647;
			files = (
			);
			runOnlyForDeploymentPostprocessing = 0;
		};
/* End PBXResourcesBuildPhase section */

/* Begin PBXSourcesBuildPhase section */
		409142112DF77DEF00E77138 /* Sources */ = {
			isa = PBXSourcesBuildPhase;
			buildActionMask = 2147483647;
			files = (
			);
			runOnlyForDeploymentPostprocessing = 0;
		};
		4091421F2DF77DF000E77138 /* Sources */ = {
			isa = PBXSourcesBuildPhase;
			buildActionMask = 2147483647;
			files = (
			);
			runOnlyForDeploymentPostprocessing = 0;
		};
		409142292DF77DF000E77138 /* Sources */ = {
			isa = PBXSourcesBuildPhase;
			buildActionMask = 2147483647;
			files = (
			);
			runOnlyForDeploymentPostprocessing = 0;
		};
/* End PBXSourcesBuildPhase section */

/* Begin PBXTargetDependency section */
		409142252DF77DF000E77138 /* PBXTargetDependency */ = {
			isa = PBXTargetDependency;
			target = 409142142DF77DEF00E77138 /* AndyStickies */;
			targetProxy = 409142242DF77DF000E77138 /* PBXContainerItemProxy */;
		};
		4091422F2DF77DF000E77138 /* PBXTargetDependency */ = {
			isa = PBXTargetDependency;
			target = 409142142DF77DEF00E77138 /* AndyStickies */;
			targetProxy = 4091422E2DF77DF000E77138 /* PBXContainerItemProxy */;
		};
/* End PBXTargetDependency section */

/* Begin XCBuildConfiguration section */
		409142352DF77DF000E77138 /* Debug */ = {
			isa = XCBuildConfiguration;
			buildSettings = {
				ALWAYS_SEARCH_USER_PATHS = NO;
				ASSETCATALOG_COMPILER_GENERATE_SWIFT_ASSET_SYMBOL_EXTENSIONS = YES;
				CLANG_ANALYZER_NONNULL = YES;
				CLANG_ANALYZER_NUMBER_OBJECT_CONVERSION = YES_AGGRESSIVE;
				CLANG_CXX_LANGUAGE_STANDARD = "gnu++20";
				CLANG_ENABLE_MODULES = YES;
				CLANG_ENABLE_OBJC_ARC = YES;
				CLANG_ENABLE_OBJC_WEAK = YES;
				CLANG_WARN_BLOCK_CAPTURE_AUTORELEASING = YES;
				CLANG_WARN_BOOL_CONVERSION = YES;
				CLANG_WARN_COMMA = YES;
				CLANG_WARN_CONSTANT_CONVERSION = YES;
				CLANG_WARN_DEPRECATED_OBJC_IMPLEMENTATIONS = YES;
				CLANG_WARN_DIRECT_OBJC_ISA_USAGE = YES_ERROR;
				CLANG_WARN_DOCUMENTATION_COMMENTS = YES;
				CLANG_WARN_EMPTY_BODY = YES;
				CLANG_WARN_ENUM_CONVERSION = YES;
				CLANG_WARN_INFINITE_RECURSION = YES;
				CLANG_WARN_INT_CONVERSION = YES;
				CLANG_WARN_NON_LITERAL_NULL_CONVERSION = YES;
				CLANG_WARN_OBJC_IMPLICIT_RETAIN_SELF = YES;
				CLANG_WARN_OBJC_LITERAL_CONVERSION = YES;
				CLANG_WARN_OBJC_ROOT_CLASS = YES_ERROR;
				CLANG_WARN_QUOTED_INCLUDE_IN_FRAMEWORK_HEADER = YES;
				CLANG_WARN_RANGE_LOOP_ANALYSIS = YES;
				CLANG_WARN_STRICT_PROTOTYPES = YES;
				CLANG_WARN_SUSPICIOUS_MOVE = YES;
				CLANG_WARN_UNGUARDED_AVAILABILITY = YES_AGGRESSIVE;
				CLANG_WARN_UNREACHABLE_CODE = YES;
				CLANG_WARN__DUPLICATE_METHOD_MATCH = YES;
				COPY_PHASE_STRIP = NO;
				DEBUG_INFORMATION_FORMAT = dwarf;
				DEVELOPMENT_TEAM = B6P8GQHDZZ;
				ENABLE_STRICT_OBJC_MSGSEND = YES;
				ENABLE_TESTABILITY = YES;
				ENABLE_USER_SCRIPT_SANDBOXING = YES;
				GCC_C_LANGUAGE_STANDARD = gnu17;
				GCC_DYNAMIC_NO_PIC = NO;
				GCC_NO_COMMON_BLOCKS = YES;
				GCC_OPTIMIZATION_LEVEL = 0;
				GCC_PREPROCESSOR_DEFINITIONS = (
					"DEBUG=1",
					"$(inherited)",
				);
				GCC_WARN_64_TO_32_BIT_CONVERSION = YES;
				GCC_WARN_ABOUT_RETURN_TYPE = YES_ERROR;
				GCC_WARN_UNDECLARED_SELECTOR = YES;
				GCC_WARN_UNINITIALIZED_AUTOS = YES_AGGRESSIVE;
				GCC_WARN_UNUSED_FUNCTION = YES;
				GCC_WARN_UNUSED_VARIABLE = YES;
				LOCALIZATION_PREFERS_STRING_CATALOGS = YES;
				MACOSX_DEPLOYMENT_TARGET = 15.5;
				MTL_ENABLE_DEBUG_INFO = INCLUDE_SOURCE;
				MTL_FAST_MATH = YES;
				ONLY_ACTIVE_ARCH = YES;
				SDKROOT = macosx;
				SWIFT_ACTIVE_COMPILATION_CONDITIONS = "DEBUG $(inherited)";
				SWIFT_OPTIMIZATION_LEVEL = "-Onone";
			};
			name = Debug;
		};
		409142362DF77DF000E77138 /* Release */ = {
			isa = XCBuildConfiguration;
			buildSettings = {
				ALWAYS_SEARCH_USER_PATHS = NO;
				ASSETCATALOG_COMPILER_GENERATE_SWIFT_ASSET_SYMBOL_EXTENSIONS = YES;
				CLANG_ANALYZER_NONNULL = YES;
				CLANG_ANALYZER_NUMBER_OBJECT_CONVERSION = YES_AGGRESSIVE;
				CLANG_CXX_LANGUAGE_STANDARD = "gnu++20";
				CLANG_ENABLE_MODULES = YES;
				CLANG_ENABLE_OBJC_ARC = YES;
				CLANG_ENABLE_OBJC_WEAK = YES;
				CLANG_WARN_BLOCK_CAPTURE_AUTORELEASING = YES;
				CLANG_WARN_BOOL_CONVERSION = YES;
				CLANG_WARN_COMMA = YES;
				CLANG_WARN_CONSTANT_CONVERSION = YES;
				CLANG_WARN_DEPRECATED_OBJC_IMPLEMENTATIONS = YES;
				CLANG_WARN_DIRECT_OBJC_ISA_USAGE = YES_ERROR;
				CLANG_WARN_DOCUMENTATION_COMMENTS = YES;
				CLANG_WARN_EMPTY_BODY = YES;
				CLANG_WARN_ENUM_CONVERSION = YES;
				CLANG_WARN_INFINITE_RECURSION = YES;
				CLANG_WARN_INT_CONVERSION = YES;
				CLANG_WARN_NON_LITERAL_NULL_CONVERSION = YES;
				CLANG_WARN_OBJC_IMPLICIT_RETAIN_SELF = YES;
				CLANG_WARN_OBJC_LITERAL_CONVERSION = YES;
				CLANG_WARN_OBJC_ROOT_CLASS = YES_ERROR;
				CLANG_WARN_QUOTED_INCLUDE_IN_FRAMEWORK_HEADER = YES;
				CLANG_WARN_RANGE_LOOP_ANALYSIS = YES;
				CLANG_WARN_STRICT_PROTOTYPES = YES;
				CLANG_WARN_SUSPICIOUS_MOVE = YES;
				CLANG_WARN_UNGUARDED_AVAILABILITY = YES_AGGRESSIVE;
				CLANG_WARN_UNREACHABLE_CODE = YES;
				CLANG_WARN__DUPLICATE_METHOD_MATCH = YES;
				COPY_PHASE_STRIP = NO;
				DEBUG_INFORMATION_FORMAT = "dwarf-with-dsym";
				DEVELOPMENT_TEAM = B6P8GQHDZZ;
				ENABLE_NS_ASSERTIONS = NO;
				ENABLE_STRICT_OBJC_MSGSEND = YES;
				ENABLE_USER_SCRIPT_SANDBOXING = YES;
				GCC_C_LANGUAGE_STANDARD = gnu17;
				GCC_NO_COMMON_BLOCKS = YES;
				GCC_WARN_64_TO_32_BIT_CONVERSION = YES;
				GCC_WARN_ABOUT_RETURN_TYPE = YES_ERROR;
				GCC_WARN_UNDECLARED_SELECTOR = YES;
				GCC_WARN_UNINITIALIZED_AUTOS = YES_AGGRESSIVE;
				GCC_WARN_UNUSED_FUNCTION = YES;
				GCC_WARN_UNUSED_VARIABLE = YES;
				LOCALIZATION_PREFERS_STRING_CATALOGS = YES;
				MACOSX_DEPLOYMENT_TARGET = 15.5;
				MTL_ENABLE_DEBUG_INFO = NO;
				MTL_FAST_MATH = YES;
				SDKROOT = macosx;
				SWIFT_COMPILATION_MODE = wholemodule;
			};
			name = Release;
		};
		409142382DF77DF000E77138 /* Debug */ = {
			isa = XCBuildConfiguration;
			buildSettings = {
				ASSETCATALOG_COMPILER_APPICON_NAME = AppIcon;
				ASSETCATALOG_COMPILER_GLOBAL_ACCENT_COLOR_NAME = AccentColor;
				CODE_SIGN_ENTITLEMENTS = AndyStickies/AndyStickies.entitlements;
				CODE_SIGN_STYLE = Automatic;
				COMBINE_HIDPI_IMAGES = YES;
				CURRENT_PROJECT_VERSION = 1;
				DEVELOPMENT_TEAM = B6P8GQHDZZ;
				ENABLE_HARDENED_RUNTIME = YES;
				ENABLE_PREVIEWS = YES;
				GENERATE_INFOPLIST_FILE = YES;
				INFOPLIST_KEY_NSHumanReadableCopyright = "";
				LD_RUNPATH_SEARCH_PATHS = (
					"$(inherited)",
					"@executable_path/../Frameworks",
				);
				MARKETING_VERSION = 1.0;
				PRODUCT_BUNDLE_IDENTIFIER = com.andrewburgess.AndyStickies;
				PRODUCT_NAME = "$(TARGET_NAME)";
				REGISTER_APP_GROUPS = YES;
				SWIFT_EMIT_LOC_STRINGS = YES;
				SWIFT_VERSION = 5.0;
			};
			name = Debug;
		};
		409142392DF77DF000E77138 /* Release */ = {
			isa = XCBuildConfiguration;
			buildSettings = {
				ASSETCATALOG_COMPILER_APPICON_NAME = AppIcon;
				ASSETCATALOG_COMPILER_GLOBAL_ACCENT_COLOR_NAME = AccentColor;
				CODE_SIGN_ENTITLEMENTS = AndyStickies/AndyStickies.entitlements;
				CODE_SIGN_STYLE = Automatic;
				COMBINE_HIDPI_IMAGES = YES;
				CURRENT_PROJECT_VERSION = 1;
				DEVELOPMENT_TEAM = B6P8GQHDZZ;
				ENABLE_HARDENED_RUNTIME = YES;
				ENABLE_PREVIEWS = YES;
				GENERATE_INFOPLIST_FILE = YES;
				INFOPLIST_KEY_NSHumanReadableCopyright = "";
				LD_RUNPATH_SEARCH_PATHS = (
					"$(inherited)",
					"@executable_path/../Frameworks",
				);
				MARKETING_VERSION = 1.0;
				PRODUCT_BUNDLE_IDENTIFIER = com.andrewburgess.AndyStickies;
				PRODUCT_NAME = "$(TARGET_NAME)";
				REGISTER_APP_GROUPS = YES;
				SWIFT_EMIT_LOC_STRINGS = YES;
				SWIFT_VERSION = 5.0;
			};
			name = Release;
		};
		4091423B2DF77DF000E77138 /* Debug */ = {
			isa = XCBuildConfiguration;
			buildSettings = {
				BUNDLE_LOADER = "$(TEST_HOST)";
				CODE_SIGN_STYLE = Automatic;
				CURRENT_PROJECT_VERSION = 1;
				DEVELOPMENT_TEAM = B6P8GQHDZZ;
				GENERATE_INFOPLIST_FILE = YES;
				MACOSX_DEPLOYMENT_TARGET = 15.5;
				MARKETING_VERSION = 1.0;
				PRODUCT_BUNDLE_IDENTIFIER = com.andrewburgess.AndyStickiesTests;
				PRODUCT_NAME = "$(TARGET_NAME)";
				SWIFT_EMIT_LOC_STRINGS = NO;
				SWIFT_VERSION = 5.0;
				TEST_HOST = "$(BUILT_PRODUCTS_DIR)/AndyStickies.app/$(BUNDLE_EXECUTABLE_FOLDER_PATH)/AndyStickies";
			};
			name = Debug;
		};
		4091423C2DF77DF000E77138 /* Release */ = {
			isa = XCBuildConfiguration;
			buildSettings = {
				BUNDLE_LOADER = "$(TEST_HOST)";
				CODE_SIGN_STYLE = Automatic;
				CURRENT_PROJECT_VERSION = 1;
				DEVELOPMENT_TEAM = B6P8GQHDZZ;
				GENERATE_INFOPLIST_FILE = YES;
				MACOSX_DEPLOYMENT_TARGET = 15.5;
				MARKETING_VERSION = 1.0;
				PRODUCT_BUNDLE_IDENTIFIER = com.andrewburgess.AndyStickiesTests;
				PRODUCT_NAME = "$(TARGET_NAME)";
				SWIFT_EMIT_LOC_STRINGS = NO;
				SWIFT_VERSION = 5.0;
				TEST_HOST = "$(BUILT_PRODUCTS_DIR)/AndyStickies.app/$(BUNDLE_EXECUTABLE_FOLDER_PATH)/AndyStickies";
			};
			name = Release;
		};
		4091423E2DF77DF000E77138 /* Debug */ = {
			isa = XCBuildConfiguration;
			buildSettings = {
				CODE_SIGN_STYLE = Automatic;
				CURRENT_PROJECT_VERSION = 1;
				DEVELOPMENT_TEAM = B6P8GQHDZZ;
				GENERATE_INFOPLIST_FILE = YES;
				MARKETING_VERSION = 1.0;
				PRODUCT_BUNDLE_IDENTIFIER = com.andrewburgess.AndyStickiesUITests;
				PRODUCT_NAME = "$(TARGET_NAME)";
				SWIFT_EMIT_LOC_STRINGS = NO;
				SWIFT_VERSION = 5.0;
				TEST_TARGET_NAME = AndyStickies;
			};
			name = Debug;
		};
		4091423F2DF77DF000E77138 /* Release */ = {
			isa = XCBuildConfiguration;
			buildSettings = {
				CODE_SIGN_STYLE = Automatic;
				CURRENT_PROJECT_VERSION = 1;
				DEVELOPMENT_TEAM = B6P8GQHDZZ;
				GENERATE_INFOPLIST_FILE = YES;
				MARKETING_VERSION = 1.0;
				PRODUCT_BUNDLE_IDENTIFIER = com.andrewburgess.AndyStickiesUITests;
				PRODUCT_NAME = "$(TARGET_NAME)";
				SWIFT_EMIT_LOC_STRINGS = NO;
				SWIFT_VERSION = 5.0;
				TEST_TARGET_NAME = AndyStickies;
			};
			name = Release;
		};
/* End XCBuildConfiguration section */

/* Begin XCConfigurationList section */
		409142102DF77DEF00E77138 /* Build configuration list for PBXProject "AndyStickies" */ = {
			isa = XCConfigurationList;
			buildConfigurations = (
				409142352DF77DF000E77138 /* Debug */,
				409142362DF77DF000E77138 /* Release */,
			);
			defaultConfigurationIsVisible = 0;
			defaultConfigurationName = Release;
		};
		409142372DF77DF000E77138 /* Build configuration list for PBXNativeTarget "AndyStickies" */ = {
			isa = XCConfigurationList;
			buildConfigurations = (
				409142382DF77DF000E77138 /* Debug */,
				409142392DF77DF000E77138 /* Release */,
			);
			defaultConfigurationIsVisible = 0;
			defaultConfigurationName = Release;
		};
		4091423A2DF77DF000E77138 /* Build configuration list for PBXNativeTarget "AndyStickiesTests" */ = {
			isa = XCConfigurationList;
			buildConfigurations = (
				4091423B2DF77DF000E77138 /* Debug */,
				4091423C2DF77DF000E77138 /* Release */,
			);
			defaultConfigurationIsVisible = 0;
			defaultConfigurationName = Release;
		};
		4091423D2DF77DF000E77138 /* Build configuration list for PBXNativeTarget "AndyStickiesUITests" */ = {
			isa = XCConfigurationList;
			buildConfigurations = (
				4091423E2DF77DF000E77138 /* Debug */,
				4091423F2DF77DF000E77138 /* Release */,
			);
			defaultConfigurationIsVisible = 0;
			defaultConfigurationName = Release;
		};
/* End XCConfigurationList section */
	};
	rootObject = 4091420D2DF77DEF00E77138 /* Project object */;
}
